
Microsoft Visual Studio Solution File, Format Version 12.00
# Visual Studio Version 16
VisualStudioVersion = 16.0.30607.51
MinimumVisualStudioVersion = 10.0.40219.1
Project("{FAE04EC0-301F-11D3-BF4B-00C04F79EFBC}") = "botSolution", "botSolution.csproj", "{E6C22E56-971C-4A29-8766-3A209B994F65}"
EndProject
Project("{FAE04EC0-301F-11D3-BF4B-00C04F79EFBC}") = "Databot", "..\dotnetDataBot\Src\Benestar-DotNetDataBot-51145d7\src\Databot\Databot\Databot.csproj", "{53EF6844-F8BA-47D7-A420-28FCAF20D67D}"
EndProject
Project("{FAE04EC0-301F-11D3-BF4B-00C04F79EFBC}") = "WikiFunctions", "..\..\autowikibrowser\AWB\WikiFunctions\WikiFunctions.csproj", "{B5B0008C-A306-4B0D-B91E-5C03DA7014E0}"
EndProject
Global
	GlobalSection(SolutionConfigurationPlatforms) = preSolution
		Debug|Any CPU = Debug|Any CPU
		Debug|Mixed Platforms = Debug|Mixed Platforms
		Debug|x86 = Debug|x86
		Release|Any CPU = Release|Any CPU
		Release|Mixed Platforms = Release|Mixed Platforms
		Release|x86 = Release|x86
	EndGlobalSection
	GlobalSection(ProjectConfigurationPlatforms) = postSolution
		{E6C22E56-971C-4A29-8766-3A209B994F65}.Debug|Any CPU.ActiveCfg = Debug|Any CPU
		{E6C22E56-971C-4A29-8766-3A209B994F65}.Debug|Any CPU.Build.0 = Debug|Any CPU
		{E6C22E56-971C-4A29-8766-3A209B994F65}.Debug|Mixed Platforms.ActiveCfg = Debug|Any CPU
		{E6C22E56-971C-4A29-8766-3A209B994F65}.Debug|Mixed Platforms.Build.0 = Debug|Any CPU
		{E6C22E56-971C-4A29-8766-3A209B994F65}.Debug|x86.ActiveCfg = Debug|Any CPU
		{E6C22E56-971C-4A29-8766-3A209B994F65}.Release|Any CPU.ActiveCfg = Release|Any CPU
		{E6C22E56-971C-4A29-8766-3A209B994F65}.Release|Any CPU.Build.0 = Release|Any CPU
		{E6C22E56-971C-4A29-8766-3A209B994F65}.Release|Mixed Platforms.ActiveCfg = Release|Any CPU
		{E6C22E56-971C-4A29-8766-3A209B994F65}.Release|Mixed Platforms.Build.0 = Release|Any CPU
		{E6C22E56-971C-4A29-8766-3A209B994F65}.Release|x86.ActiveCfg = Release|Any CPU
		{53EF6844-F8BA-47D7-A420-28FCAF20D67D}.Debug|Any CPU.ActiveCfg = Debug|Any CPU
		{53EF6844-F8BA-47D7-A420-28FCAF20D67D}.Debug|Any CPU.Build.0 = Debug|Any CPU
		{53EF6844-F8BA-47D7-A420-28FCAF20D67D}.Debug|Mixed Platforms.ActiveCfg = Debug|Any CPU
		{53EF6844-F8BA-47D7-A420-28FCAF20D67D}.Debug|Mixed Platforms.Build.0 = Debug|Any CPU
		{53EF6844-F8BA-47D7-A420-28FCAF20D67D}.Debug|x86.ActiveCfg = Debug|Any CPU
		{53EF6844-F8BA-47D7-A420-28FCAF20D67D}.Release|Any CPU.ActiveCfg = Release|Any CPU
		{53EF6844-F8BA-47D7-A420-28FCAF20D67D}.Release|Any CPU.Build.0 = Release|Any CPU
		{53EF6844-F8BA-47D7-A420-28FCAF20D67D}.Release|Mixed Platforms.ActiveCfg = Release|Any CPU
		{53EF6844-F8BA-47D7-A420-28FCAF20D67D}.Release|Mixed Platforms.Build.0 = Release|Any CPU
		{53EF6844-F8BA-47D7-A420-28FCAF20D67D}.Release|x86.ActiveCfg = Release|Any CPU
		{B5B0008C-A306-4B0D-B91E-5C03DA7014E0}.Debug|Any CPU.ActiveCfg = Debug|Any CPU
		{B5B0008C-A306-4B0D-B91E-5C03DA7014E0}.Debug|Any CPU.Build.0 = Debug|Any CPU
		{B5B0008C-A306-4B0D-B91E-5C03DA7014E0}.Debug|Mixed Platforms.ActiveCfg = Debug|Any CPU
		{B5B0008C-A306-4B0D-B91E-5C03DA7014E0}.Debug|Mixed Platforms.Build.0 = Debug|Any CPU
		{B5B0008C-A306-4B0D-B91E-5C03DA7014E0}.Debug|x86.ActiveCfg = Debug|Any CPU
		{B5B0008C-A306-4B0D-B91E-5C03DA7014E0}.Debug|x86.Build.0 = Debug|Any CPU
		{B5B0008C-A306-4B0D-B91E-5C03DA7014E0}.Release|Any CPU.ActiveCfg = Release|Any CPU
		{B5B0008C-A306-4B0D-B91E-5C03DA7014E0}.Release|Any CPU.Build.0 = Release|Any CPU
		{B5B0008C-A306-4B0D-B91E-5C03DA7014E0}.Release|Mixed Platforms.ActiveCfg = Release|Any CPU
		{B5B0008C-A306-4B0D-B91E-5C03DA7014E0}.Release|Mixed Platforms.Build.0 = Release|Any CPU
		{B5B0008C-A306-4B0D-B91E-5C03DA7014E0}.Release|x86.ActiveCfg = Release|Any CPU
		{B5B0008C-A306-4B0D-B91E-5C03DA7014E0}.Release|x86.Build.0 = Release|Any CPU
	EndGlobalSection
	GlobalSection(SolutionProperties) = preSolution
		HideSolutionNode = FALSE
	EndGlobalSection
	GlobalSection(ExtensibilityGlobals) = postSolution
		SolutionGuid = {18F47AD7-112E-46BC-8992-EBB49A8803D8}
	EndGlobalSection
EndGlobal
